
Microsoft Visual Studio Solution File, Format Version 12.00
# Visual Studio Version 16
VisualStudioVersion = 16.0.32602.291
MinimumVisualStudioVersion = 10.0.40219.1
Project("{FAE04EC0-301F-11D3-BF4B-00C04F79EFBC}") = "WpfPrismCommand", "WpfPrismCommand.csproj", "{56ADDB16-7BB3-45B3-AB29-13C9F8F2E177}"
EndProject
Global
	GlobalSection(SolutionConfigurationPlatforms) = preSolution
		Debug|Any CPU = Debug|Any CPU
		Release|Any CPU = Release|Any CPU
	EndGlobalSection
	GlobalSection(ProjectConfigurationPlatforms) = postSolution
		{56ADDB16-7BB3-45B3-AB29-13C9F8F2E177}.Debug|Any CPU.ActiveCfg = Debug|Any CPU
		{56ADDB16-7BB3-45B3-AB29-13C9F8F2E177}.Debug|Any CPU.Build.0 = Debug|Any CPU
		{56ADDB16-7BB3-45B3-AB29-13C9F8F2E177}.Release|Any CPU.ActiveCfg = Release|Any CPU
		{56ADDB16-7BB3-45B3-AB29-13C9F8F2E177}.Release|Any CPU.Build.0 = Release|Any CPU
	EndGlobalSection
	GlobalSection(SolutionProperties) = preSolution
		HideSolutionNode = FALSE
	EndGlobalSection
	GlobalSection(ExtensibilityGlobals) = postSolution
		SolutionGuid = {D86F245A-E623-488C-BD68-CF5477CCAA02}
	EndGlobalSection
EndGlobal
