
Microsoft Visual Studio Solution File, Format Version 12.00
# Visual Studio Version 16
VisualStudioVersion = 16.0.32602.291
MinimumVisualStudioVersion = 10.0.40219.1
Project("{FAE04EC0-301F-11D3-BF4B-00C04F79EFBC}") = "WpfPrismCompositeCommand", "WpfPrismCompositeCommand.csproj", "{E38C7ED1-E5D8-43E1-A9C8-4A5357C1CA59}"
EndProject
Global
	GlobalSection(SolutionConfigurationPlatforms) = preSolution
		Debug|Any CPU = Debug|Any CPU
		Release|Any CPU = Release|Any CPU
	EndGlobalSection
	GlobalSection(ProjectConfigurationPlatforms) = postSolution
		{E38C7ED1-E5D8-43E1-A9C8-4A5357C1CA59}.Debug|Any CPU.ActiveCfg = Debug|Any CPU
		{E38C7ED1-E5D8-43E1-A9C8-4A5357C1CA59}.Debug|Any CPU.Build.0 = Debug|Any CPU
		{E38C7ED1-E5D8-43E1-A9C8-4A5357C1CA59}.Release|Any CPU.ActiveCfg = Release|Any CPU
		{E38C7ED1-E5D8-43E1-A9C8-4A5357C1CA59}.Release|Any CPU.Build.0 = Release|Any CPU
	EndGlobalSection
	GlobalSection(SolutionProperties) = preSolution
		HideSolutionNode = FALSE
	EndGlobalSection
	GlobalSection(ExtensibilityGlobals) = postSolution
		SolutionGuid = {21B1D8CC-C513-4FC6-912C-49B97A1935F0}
	EndGlobalSection
EndGlobal
